{
    "_readme": [
        "This file locks the dependencies of your project to a known state",
        "Read more about it at https://getcomposer.org/doc/01-basic-usage.md#composer-lock-the-lock-file",
        "This file is @generated automatically"
    ],
    "hash": "be66f26dace7c20e617190698c0b78f5",
    "content-hash": "98e4cdb254d839a2ce8678244288255a",
    "packages": [
        {
            "name": "bitwasp/bitcoin",
            "version": "v0.0.23",
            "source": {
                "type": "git",
                "url": "https://github.com/Bit-Wasp/bitcoin-php.git",
                "reference": "3db6d8eca06bf10af3326350e17fbc49b1d1ce2b"
            },
            "dist": {
                "type": "zip",
                "url": "https://api.github.com/repos/Bit-Wasp/bitcoin-php/zipball/3db6d8eca06bf10af3326350e17fbc49b1d1ce2b",
                "reference": "3db6d8eca06bf10af3326350e17fbc49b1d1ce2b",
                "shasum": ""
            },
            "require": {
                "bitwasp/buffertools": "~0.1.16",
                "bitwasp/secp256k1-php": "~0.0.7",
                "bitwasp/stratum": "~0.2",
                "bitwasp/trait": "~0.0",
                "ext-curl": "*",
                "ext-gmp": "*",
                "ext-json": "*",
                "ext-mcrypt": "*",
                "ext-openssl": "*",
                "fguillot/json-rpc": "~1.0",
                "lastguest/murmurhash": "~1.1",
                "mdanter/ecc": "~0.3",
                "php": ">=5.4.0",
                "pleonasm/merkle-tree": "1.0.0",
                "rgooding/protobuf-php": "~0.0",
                "rych/hash_pbkdf2-compat": "~1.0"
            },
            "require-dev": {
                "bitwasp/testing-php": "~0.1",
                "symfony/yaml": "~2.6"
            },
            "type": "library",
            "autoload": {
                "psr-4": {
                    "BitWasp\\Bitcoin\\": "src/"
                },
                "files": [
                    "src/Script/functions.php"
                ]
            },
            "notification-url": "https://packagist.org/downloads/",
            "license": [
                "Unlicense"
            ],
            "authors": [
                {
                    "name": "Thomas Kerin",
                    "homepage": "https://thomaskerin.io",
                    "role": "Author"
                }
            ],
            "description": "PHP Bitcoin library with functions for transactions, signatures, serialization, Random/Deterministic ECDSA keys, blocks, RPC bindings",
            "homepage": "https://github.com/bit-wasp/bitcoin-php",
            "time": "2016-04-01 17:03:14"
        },
        {
            "name": "bitwasp/buffertools",
            "version": "v0.1.16",
            "source": {
                "type": "git",
                "url": "https://github.com/Bit-Wasp/buffertools-php.git",
                "reference": "08252d4824eecf6975f0ce7f0d096c8c96878e99"
            },
            "dist": {
                "type": "zip",
                "url": "https://api.github.com/repos/Bit-Wasp/buffertools-php/zipball/08252d4824eecf6975f0ce7f0d096c8c96878e99",
                "reference": "08252d4824eecf6975f0ce7f0d096c8c96878e99",
                "shasum": ""
            },
            "require": {
                "mdanter/ecc": "0.3.0",
                "php": ">=5.4.0"
            },
            "require-dev": {
                "phpunit/phpunit": "~4.3.1",
                "satooshi/php-coveralls": "~0.6.1",
                "squizlabs/php_codesniffer": "~2.0"
            },
            "type": "library",
            "autoload": {
                "psr-4": {
                    "BitWasp\\Buffertools\\": "src/Buffertools/"
                }
            },
            "notification-url": "https://packagist.org/downloads/",
            "license": [
                "MIT"
            ],
            "authors": [
                {
                    "name": "Thomas Kerin",
                    "homepage": "https://thomaskerin.io"
                },
                {
                    "name": "Ruben de Vries",
                    "email": "ruben@rubensayshi.com"
                }
            ],
            "description": "Toolbox for working with binary and hex data. Similar to NodeJS Buffer.",
            "time": "2016-02-07 03:04:06"
        },
        {
            "name": "bitwasp/secp256k1-php",
            "version": "v0.0.7",
            "source": {
                "type": "git",
                "url": "https://github.com/Bit-Wasp/secp256k1-php.git",
                "reference": "e3992b72c1c3882008af6b69a9169b4246a7483d"
            },
            "dist": {
                "type": "zip",
                "url": "https://api.github.com/repos/Bit-Wasp/secp256k1-php/zipball/e3992b72c1c3882008af6b69a9169b4246a7483d",
                "reference": "e3992b72c1c3882008af6b69a9169b4246a7483d",
                "shasum": ""
            },
            "require-dev": {
                "phpunit/phpunit": "4.3.*",
                "squizlabs/php_codesniffer": "2.*",
                "symfony/yaml": "*"
            },
            "type": "library",
            "notification-url": "https://packagist.org/downloads/",
            "license": [
                "Unlicence"
            ],
            "authors": [
                {
                    "name": "Ruben de Vries",
                    "email": "ruben@rubensayshi.com"
                },
                {
                    "name": "Thomas Kerin",
                    "email": "afk11@users.noreply.github.com"
                }
            ],
            "description": "PHP Extension with bindings for bitcoin/secp256k1.",
            "keywords": [
                "ECDSA",
                "bitcoin",
                "bitwasp",
                "cryptocurrency",
                "ecc",
                "extension",
                "php",
                "secp256k1"
            ],
            "time": "2016-03-04 17:43:16"
        },
        {
            "name": "bitwasp/stratum",
            "version": "v0.2.0",
            "source": {
                "type": "git",
                "url": "https://github.com/Bit-Wasp/stratum-php.git",
                "reference": "390efdb259c1dffe0f2a69d820d8bd91d146a099"
            },
            "dist": {
                "type": "zip",
                "url": "https://api.github.com/repos/Bit-Wasp/stratum-php/zipball/390efdb259c1dffe0f2a69d820d8bd91d146a099",
                "reference": "390efdb259c1dffe0f2a69d820d8bd91d146a099",
                "shasum": ""
            },
            "require": {
                "fguillot/json-rpc": "~1.0",
                "react/socket-client": "~0.5"
            },
            "require-dev": {
                "bitwasp/testing-php": "~0.1"
            },
            "type": "library",
            "autoload": {
                "psr-4": {
                    "BitWasp\\Stratum\\": "src/"
                }
            },
            "notification-url": "https://packagist.org/downloads/",
            "authors": [
                {
                    "name": "Thomas Kerin",
                    "homepage": "https://thomaskerin.io",
                    "role": "Author"
                }
            ],
            "description": "library for interfacing with stratum servers, used to serve both bitcoin mining and electrum clients",
            "homepage": "https://github.com/Bit-Wasp/stratum-php",
            "time": "2016-03-24 02:08:43"
        },
        {
            "name": "bitwasp/trait",
            "version": "v0.0.1",
            "source": {
                "type": "git",
                "url": "https://github.com/Bit-Wasp/trait.git",
                "reference": "61456a84311b1f718a4c30fd6de3655163c187f3"
            },
            "dist": {
                "type": "zip",
                "url": "https://api.github.com/repos/Bit-Wasp/trait/zipball/61456a84311b1f718a4c30fd6de3655163c187f3",
                "reference": "61456a84311b1f718a4c30fd6de3655163c187f3",
                "shasum": ""
            },
            "type": "library",
            "autoload": {
                "psr-4": {
                    "BitWasp\\CommonTrait\\": "src/"
                }
            },
            "notification-url": "https://packagist.org/downloads/",
            "license": [
                "Unlicence"
            ],
            "authors": [
                {
                    "name": "Thomas Kerin",
                    "email": "test@test.com"
                }
            ],
            "description": "A collection of traits",
            "time": "2015-11-11 18:23:27"
        },
        {
            "name": "evenement/evenement",
            "version": "v2.0.0",
            "source": {
                "type": "git",
                "url": "https://github.com/igorw/evenement.git",
                "reference": "f6e843799fd4f4184d54d8fc7b5b3551c9fa803e"
            },
            "dist": {
                "type": "zip",
                "url": "https://api.github.com/repos/igorw/evenement/zipball/f6e843799fd4f4184d54d8fc7b5b3551c9fa803e",
                "reference": "f6e843799fd4f4184d54d8fc7b5b3551c9fa803e",
                "shasum": ""
            },
            "require": {
                "php": ">=5.4.0"
            },
            "type": "library",
            "extra": {
                "branch-alias": {
                    "dev-master": "2.0-dev"
                }
            },
            "autoload": {
                "psr-0": {
                    "Evenement": "src"
                }
            },
            "notification-url": "https://packagist.org/downloads/",
            "license": [
                "MIT"
            ],
            "authors": [
                {
                    "name": "Igor Wiedler",
                    "email": "igor@wiedler.ch",
                    "homepage": "http://wiedler.ch/igor/"
                }
            ],
            "description": "Événement is a very simple event dispatching library for PHP",
            "keywords": [
                "event-dispatcher",
                "event-emitter"
            ],
            "time": "2012-11-02 14:49:47"
        },
        {
            "name": "fgrosse/phpasn1",
            "version": "1.3.2",
            "source": {
                "type": "git",
                "url": "https://github.com/fgrosse/PHPASN1.git",
                "reference": "ee6d1abd18f8bcbaf0b55563ba87e5ed16cd0c98"
            },
            "dist": {
                "type": "zip",
                "url": "https://api.github.com/repos/fgrosse/PHPASN1/zipball/ee6d1abd18f8bcbaf0b55563ba87e5ed16cd0c98",
                "reference": "ee6d1abd18f8bcbaf0b55563ba87e5ed16cd0c98",
                "shasum": ""
            },
            "require": {
                "ext-gmp": "*",
                "php": ">=5.3.0"
            },
            "require-dev": {
                "phpunit/phpunit": "~4.5"
            },
            "type": "library",
            "extra": {
                "branch-alias": {
                    "dev-master": "1.3.x-dev"
                }
            },
            "autoload": {
                "psr-4": {
                    "FG\\": "lib/"
                }
            },
            "notification-url": "https://packagist.org/downloads/",
            "license": [
                "MIT"
            ],
            "authors": [
                {
                    "name": "Friedrich Große",
                    "email": "friedrich.grosse@gmail.com",
                    "homepage": "https://github.com/FGrosse",
                    "role": "Author"
                },
                {
                    "name": "All contributors",
                    "homepage": "https://github.com/FGrosse/PHPASN1/contributors"
                }
            ],
            "description": "A PHP Framework that allows you to encode and decode arbitrary ASN.1 structures using the ITU-T X.690 Encoding Rules.",
            "homepage": "https://github.com/FGrosse/PHPASN1",
            "time": "2015-07-15 21:26:40"
        },
        {
            "name": "fguillot/json-rpc",
            "version": "v1.1.0",
            "source": {
                "type": "git",
                "url": "https://github.com/fguillot/JsonRPC.git",
                "reference": "e915dab71940e7ac251955c785570048f460d332"
            },
            "dist": {
                "type": "zip",
                "url": "https://api.github.com/repos/fguillot/JsonRPC/zipball/e915dab71940e7ac251955c785570048f460d332",
                "reference": "e915dab71940e7ac251955c785570048f460d332",
                "shasum": ""
            },
            "require": {
                "php": ">=5.3.4"
            },
            "type": "library",
            "autoload": {
                "psr-0": {
                    "JsonRPC": "src/"
                }
            },
            "notification-url": "https://packagist.org/downloads/",
            "license": [
                "MIT"
            ],
            "authors": [
                {
                    "name": "Frédéric Guillot"
                }
            ],
            "description": "Simple Json-RPC client/server library that just works",
            "homepage": "https://github.com/fguillot/JsonRPC",
            "time": "2016-04-27 02:48:10"
        },
        {
            "name": "lastguest/murmurhash",
            "version": "1.2.0",
            "source": {
                "type": "git",
                "url": "https://github.com/lastguest/murmurhash-php.git",
                "reference": "7a131e2acf356c812646260baf20d75284721062"
            },
            "dist": {
                "type": "zip",
                "url": "https://api.github.com/repos/lastguest/murmurhash-php/zipball/7a131e2acf356c812646260baf20d75284721062",
                "reference": "7a131e2acf356c812646260baf20d75284721062",
                "shasum": ""
            },
            "require": {
                "php": ">=4.3"
            },
            "type": "library",
            "autoload": {
                "files": [
                    "murmurhash3.php"
                ]
            },
            "notification-url": "https://packagist.org/downloads/",
            "license": [
                "MIT"
            ],
            "authors": [
                {
                    "name": "Stefano Azzolini",
                    "email": "lastguest@gmail.com",
                    "homepage": "https://github.com/lastguest/murmurhash-php"
                }
            ],
            "description": "MurmurHash3 Hash",
            "homepage": "https://github.com/lastguest/murmurhash-php",
            "keywords": [
                "hash",
                "hashing",
                "murmur"
            ],
            "time": "2015-12-10 12:35:49"
        },
        {
            "name": "mdanter/ecc",
            "version": "v0.3.0",
            "source": {
                "type": "git",
                "url": "https://github.com/phpecc/phpecc.git",
                "reference": "8b588fc094ba743d8f8c84980bcc6b470c4baed7"
            },
            "dist": {
                "type": "zip",
                "url": "https://api.github.com/repos/phpecc/phpecc/zipball/8b588fc094ba743d8f8c84980bcc6b470c4baed7",
                "reference": "8b588fc094ba743d8f8c84980bcc6b470c4baed7",
                "shasum": ""
            },
            "require": {
                "ext-gmp": "*",
                "ext-mcrypt": "*",
                "fgrosse/phpasn1": "~1.3.1",
                "php": ">=5.4.0",
                "symfony/console": "~2.6"
            },
            "require-dev": {
                "phpunit/phpunit": "~4.1",
                "squizlabs/php_codesniffer": "~2",
                "symfony/yaml": "~2.6"
            },
            "type": "library",
            "autoload": {
                "psr-4": {
                    "Mdanter\\Ecc\\": "src/"
                }
            },
            "notification-url": "https://packagist.org/downloads/",
            "license": [
                "MIT"
            ],
            "authors": [
                {
                    "name": "Matyas Danter",
                    "homepage": "http://matejdanter.com/",
                    "role": "Author"
                },
                {
                    "name": "Thibaud Fabre",
                    "email": "thibaud@aztech.io",
                    "homepage": "http://aztech.io",
                    "role": "Maintainer"
                },
                {
                    "name": "Drak",
                    "email": "drak@zikula.org",
                    "homepage": "http://zikula.org",
                    "role": "Maintainer"
                }
            ],
            "description": "PHP Elliptic Curve Cryptography library",
            "homepage": "https://github.com/mdanter/phpecc",
            "time": "2014-07-07 12:44:15"
        },
        {
            "name": "pleonasm/merkle-tree",
            "version": "1.0.0",
            "source": {
                "type": "git",
                "url": "https://github.com/pleonasm/merkle-tree.git",
                "reference": "9ddc9d0a0e396750fada378f3aa90f6c02dd56a1"
            },
            "dist": {
                "type": "zip",
                "url": "https://api.github.com/repos/pleonasm/merkle-tree/zipball/9ddc9d0a0e396750fada378f3aa90f6c02dd56a1",
                "reference": "9ddc9d0a0e396750fada378f3aa90f6c02dd56a1",
                "shasum": ""
            },
            "require": {
                "php": ">=5.4.0"
            },
            "require-dev": {
                "ext-xdebug": ">=2.2.0",
                "phpunit/php-invoker": ">=1.0.0,<1.2.0",
                "phpunit/phpunit": "3.7.19",
                "satooshi/php-coveralls": "*@dev",
                "squizlabs/php_codesniffer": "*"
            },
            "type": "library",
            "autoload": {
                "psr-0": {
                    "Pleo": "src/"
                }
            },
            "notification-url": "https://packagist.org/downloads/",
            "license": [
                "BSD-2-Clause"
            ],
            "authors": [
                {
                    "name": "Matthew Nagi",
                    "email": "matthew.nagi@base-2.net"
                }
            ],
            "description": "An implementation of a Merkle Tree in PHP",
            "time": "2013-05-22 20:46:20"
        },
        {
            "name": "react/cache",
            "version": "v0.4.1",
            "source": {
                "type": "git",
                "url": "https://github.com/reactphp/cache.git",
                "reference": "558f614891341b1d817a8cdf9a358948ec49638f"
            },
            "dist": {
                "type": "zip",
                "url": "https://api.github.com/repos/reactphp/cache/zipball/558f614891341b1d817a8cdf9a358948ec49638f",
                "reference": "558f614891341b1d817a8cdf9a358948ec49638f",
                "shasum": ""
            },
            "require": {
                "php": ">=5.3.0",
                "react/promise": "~2.0|~1.1"
            },
            "type": "library",
            "autoload": {
                "psr-4": {
                    "React\\Cache\\": "src\\"
                }
            },
            "notification-url": "https://packagist.org/downloads/",
            "license": [
                "MIT"
            ],
            "description": "Async caching.",
            "keywords": [
                "cache"
            ],
            "time": "2016-02-25 18:17:16"
        },
        {
            "name": "react/dns",
            "version": "v0.4.2",
            "source": {
                "type": "git",
                "url": "https://github.com/reactphp/dns.git",
                "reference": "62f6201e487df8add209cc42f05ffca33ee1ba05"
            },
            "dist": {
                "type": "zip",
                "url": "https://api.github.com/repos/reactphp/dns/zipball/62f6201e487df8add209cc42f05ffca33ee1ba05",
                "reference": "62f6201e487df8add209cc42f05ffca33ee1ba05",
                "shasum": ""
            },
            "require": {
                "php": ">=5.3.0",
                "react/cache": "~0.4.0|~0.3.0",
                "react/promise": "~2.0|~1.1",
                "react/socket": "~0.4.0|~0.3.0"
            },
            "type": "library",
            "extra": {
                "branch-alias": {
                    "dev-master": "0.4-dev"
                }
            },
            "autoload": {
                "psr-4": {
                    "React\\Dns\\": "src"
                }
            },
            "notification-url": "https://packagist.org/downloads/",
            "license": [
                "MIT"
            ],
            "description": "Async DNS resolver.",
            "keywords": [
                "dns",
                "dns-resolver"
            ],
            "time": "2016-02-24 23:45:36"
        },
        {
            "name": "react/event-loop",
            "version": "v0.4.2",
            "source": {
                "type": "git",
                "url": "https://github.com/reactphp/event-loop.git",
                "reference": "164799f73175e1c80bba92a220ea35df6ca371dd"
            },
            "dist": {
                "type": "zip",
                "url": "https://api.github.com/repos/reactphp/event-loop/zipball/164799f73175e1c80bba92a220ea35df6ca371dd",
                "reference": "164799f73175e1c80bba92a220ea35df6ca371dd",
                "shasum": ""
            },
            "require": {
                "php": ">=5.4.0"
            },
            "suggest": {
                "ext-event": "~1.0",
                "ext-libev": "*",
                "ext-libevent": ">=0.1.0"
            },
            "type": "library",
            "extra": {
                "branch-alias": {
                    "dev-master": "0.5-dev"
                }
            },
            "autoload": {
                "psr-4": {
                    "React\\EventLoop\\": "src"
                }
            },
            "notification-url": "https://packagist.org/downloads/",
            "license": [
                "MIT"
            ],
            "description": "Event loop abstraction layer that libraries can use for evented I/O.",
            "keywords": [
                "asynchronous",
                "event-loop"
            ],
            "time": "2016-03-08 02:09:32"
        },
        {
            "name": "react/promise",
            "version": "v2.4.0",
            "source": {
                "type": "git",
                "url": "https://github.com/reactphp/promise.git",
                "reference": "f942da7b505d1a294284ab343d05df42d02ad6d9"
            },
            "dist": {
                "type": "zip",
                "url": "https://api.github.com/repos/reactphp/promise/zipball/f942da7b505d1a294284ab343d05df42d02ad6d9",
                "reference": "f942da7b505d1a294284ab343d05df42d02ad6d9",
                "shasum": ""
            },
            "require": {
                "php": ">=5.4.0"
            },
            "type": "library",
            "extra": {
                "branch-alias": {
                    "dev-master": "2.0-dev"
                }
            },
            "autoload": {
                "psr-4": {
                    "React\\Promise\\": "src/"
                },
                "files": [
                    "src/functions_include.php"
                ]
            },
            "notification-url": "https://packagist.org/downloads/",
            "license": [
                "MIT"
            ],
            "authors": [
                {
                    "name": "Jan Sorgalla",
                    "email": "jsorgalla@gmail.com"
                }
            ],
            "description": "A lightweight implementation of CommonJS Promises/A for PHP",
            "time": "2016-03-31 13:10:33"
        },
        {
            "name": "react/socket",
            "version": "v0.4.3",
            "source": {
                "type": "git",
                "url": "https://github.com/reactphp/socket.git",
                "reference": "ce015ec5879b96f5d30905f035f223aa85013fcc"
            },
            "dist": {
                "type": "zip",
                "url": "https://api.github.com/repos/reactphp/socket/zipball/ce015ec5879b96f5d30905f035f223aa85013fcc",
                "reference": "ce015ec5879b96f5d30905f035f223aa85013fcc",
                "shasum": ""
            },
            "require": {
                "evenement/evenement": "~2.0|~1.0",
                "php": ">=5.3.0",
                "react/event-loop": "0.4.*|0.3.*",
                "react/stream": "0.4.*|0.3.*"
            },
            "type": "library",
            "extra": {
                "branch-alias": {
                    "dev-master": "0.4-dev"
                }
            },
            "autoload": {
                "psr-4": {
                    "React\\Socket\\": "src"
                }
            },
            "notification-url": "https://packagist.org/downloads/",
            "license": [
                "MIT"
            ],
            "description": "Library for building an evented socket server.",
            "keywords": [
                "Socket"
            ],
            "time": "2016-03-01 20:10:35"
        },
        {
            "name": "react/socket-client",
            "version": "v0.5.0",
            "source": {
                "type": "git",
                "url": "https://github.com/reactphp/socket-client.git",
                "reference": "4ed32f2ce1e732586783c7ebd10b7d75386f2588"
            },
            "dist": {
                "type": "zip",
                "url": "https://api.github.com/repos/reactphp/socket-client/zipball/4ed32f2ce1e732586783c7ebd10b7d75386f2588",
                "reference": "4ed32f2ce1e732586783c7ebd10b7d75386f2588",
                "shasum": ""
            },
            "require": {
                "php": ">=5.3.0",
                "react/dns": "0.4.*|0.3.*",
                "react/event-loop": "0.4.*|0.3.*",
                "react/promise": "~2.0|~1.1",
                "react/stream": "0.4.*|0.3.*"
            },
            "require-dev": {
                "clue/block-react": "~1.0"
            },
            "type": "library",
            "autoload": {
                "psr-4": {
                    "React\\SocketClient\\": "src"
                }
            },
            "notification-url": "https://packagist.org/downloads/",
            "license": [
                "MIT"
            ],
            "description": "Async connector to open TCP/IP and SSL/TLS based connections.",
            "keywords": [
                "Socket"
            ],
            "time": "2016-03-19 13:11:48"
        },
        {
            "name": "react/stream",
            "version": "v0.4.3",
            "source": {
                "type": "git",
                "url": "https://github.com/reactphp/stream.git",
                "reference": "305b2328d2a2e157bc13b61a0f5c6e41b666b188"
            },
            "dist": {
                "type": "zip",
                "url": "https://api.github.com/repos/reactphp/stream/zipball/305b2328d2a2e157bc13b61a0f5c6e41b666b188",
                "reference": "305b2328d2a2e157bc13b61a0f5c6e41b666b188",
                "shasum": ""
            },
            "require": {
                "evenement/evenement": "^2.0|^1.0",
                "php": ">=5.3.8"
            },
            "require-dev": {
                "react/event-loop": "^0.4|^0.3",
                "react/promise": "^2.0|^1.0"
            },
            "suggest": {
                "react/event-loop": "^0.4",
                "react/promise": "^2.0"
            },
            "type": "library",
            "extra": {
                "branch-alias": {
                    "dev-master": "0.5-dev"
                }
            },
            "autoload": {
                "psr-4": {
                    "React\\Stream\\": "src"
                }
            },
            "notification-url": "https://packagist.org/downloads/",
            "license": [
                "MIT"
            ],
            "description": "Basic readable and writable stream interfaces that support piping.",
            "keywords": [
                "pipe",
                "stream"
            ],
            "time": "2015-10-07 18:32:58"
        },
        {
            "name": "react/zmq",
            "version": "v0.3.0",
            "source": {
                "type": "git",
                "url": "https://github.com/reactphp/zmq.git",
                "reference": "2865e3b23000751ed443d3f108da2735abf80716"
            },
            "dist": {
                "type": "zip",
                "url": "https://api.github.com/repos/reactphp/zmq/zipball/2865e3b23000751ed443d3f108da2735abf80716",
                "reference": "2865e3b23000751ed443d3f108da2735abf80716",
                "shasum": ""
            },
            "require": {
                "evenement/evenement": "~2.0",
                "ext-zmq": "*",
                "php": ">=5.4.0",
                "react/event-loop": "0.4.*"
            },
            "require-dev": {
                "ext-pcntl": "*"
            },
            "type": "library",
            "extra": {
                "branch-alias": {
                    "dev-master": "0.4-dev"
                }
            },
            "autoload": {
                "psr-0": {
                    "React\\ZMQ": "src"
                }
            },
            "notification-url": "https://packagist.org/downloads/",
            "license": [
                "MIT"
            ],
            "description": "ZeroMQ bindings for React.",
            "keywords": [
                "zeromq",
                "zmq"
            ],
            "time": "2014-05-25 17:54:51"
        },
        {
            "name": "rgooding/protobuf-php",
            "version": "0.0.1",
            "source": {
                "type": "git",
                "url": "https://github.com/rgooding/Protobuf-PHP.git",
                "reference": "d688d7894d65d80a38846e0b622b9a2cd7fd4d68"
            },
            "dist": {
                "type": "zip",
                "url": "https://api.github.com/repos/rgooding/Protobuf-PHP/zipball/d688d7894d65d80a38846e0b622b9a2cd7fd4d68",
                "reference": "d688d7894d65d80a38846e0b622b9a2cd7fd4d68",
                "shasum": ""
            },
            "require": {
                "php": ">=5.3.0"
            },
            "bin": [
                "protoc-gen-php.bat",
                "protoc-gen-php.php"
            ],
            "type": "library",
            "autoload": {
                "psr-0": {
                    "DrSlump": "library/"
                }
            },
            "notification-url": "https://packagist.org/downloads/",
            "license": [
                "MIT"
            ],
            "authors": [
                {
                    "name": "Iván -DrSlump- Montes",
                    "email": "drslump@pollinimini.net",
                    "homepage": "https://github.com/drslump/Protobuf-PHP"
                },
                {
                    "name": "Richard Gooding",
                    "email": "richard.gooding@justdevelop.it"
                }
            ],
            "description": "PHP implementation of Google's Protocol Buffers",
            "homepage": "https://github.com/rgooding/Protobuf-PHP",
            "keywords": [
                "protobuf",
                "protocol buffer",
                "serializing"
            ],
            "time": "2013-05-29 14:39:13"
        },
        {
            "name": "rych/hash_pbkdf2-compat",
            "version": "v1.0.1",
            "source": {
                "type": "git",
                "url": "https://github.com/rchouinard/hash_pbkdf2-compat.git",
                "reference": "cc61512c5284616885449d4b8de231e087823e5c"
            },
            "dist": {
                "type": "zip",
                "url": "https://api.github.com/repos/rchouinard/hash_pbkdf2-compat/zipball/cc61512c5284616885449d4b8de231e087823e5c",
                "reference": "cc61512c5284616885449d4b8de231e087823e5c",
                "shasum": ""
            },
            "require": {
                "ext-hash": "*",
                "php": ">=5.3.3"
            },
            "require-dev": {
                "phpunit/phpunit": "^4.8"
            },
            "type": "library",
            "autoload": {
                "files": [
                    "src/hash_pbkdf2_compat.php"
                ]
            },
            "notification-url": "https://packagist.org/downloads/",
            "license": [
                "MIT"
            ],
            "authors": [
                {
                    "name": "Ryan Chouinard",
                    "email": "rchouinard@gmail.com"
                }
            ],
            "description": "Provides hash_pbkdf2() to PHP versions >=5.3,<5.5.",
            "keywords": [
                "compatibility",
                "hash_pbkdf2",
                "pbkdf2"
            ],
            "time": "2015-11-23 03:34:42"
        },
        {
            "name": "symfony/console",
            "version": "v2.8.4",
            "source": {
                "type": "git",
                "url": "https://github.com/symfony/console.git",
                "reference": "9a5aef5fc0d4eff86853d44202b02be8d5a20154"
            },
            "dist": {
                "type": "zip",
                "url": "https://api.github.com/repos/symfony/console/zipball/9a5aef5fc0d4eff86853d44202b02be8d5a20154",
                "reference": "9a5aef5fc0d4eff86853d44202b02be8d5a20154",
                "shasum": ""
            },
            "require": {
                "php": ">=5.3.9",
                "symfony/polyfill-mbstring": "~1.0"
            },
            "require-dev": {
                "psr/log": "~1.0",
                "symfony/event-dispatcher": "~2.1|~3.0.0",
                "symfony/process": "~2.1|~3.0.0"
            },
            "suggest": {
                "psr/log": "For using the console logger",
                "symfony/event-dispatcher": "",
                "symfony/process": ""
            },
            "type": "library",
            "extra": {
                "branch-alias": {
                    "dev-master": "2.8-dev"
                }
            },
            "autoload": {
                "psr-4": {
                    "Symfony\\Component\\Console\\": ""
                },
                "exclude-from-classmap": [
                    "/Tests/"
                ]
            },
            "notification-url": "https://packagist.org/downloads/",
            "license": [
                "MIT"
            ],
            "authors": [
                {
                    "name": "Fabien Potencier",
                    "email": "fabien@symfony.com"
                },
                {
                    "name": "Symfony Community",
                    "homepage": "https://symfony.com/contributors"
                }
            ],
            "description": "Symfony Console Component",
            "homepage": "https://symfony.com",
            "time": "2016-03-17 09:19:04"
        },
        {
            "name": "symfony/polyfill-mbstring",
            "version": "v1.1.1",
            "source": {
                "type": "git",
                "url": "https://github.com/symfony/polyfill-mbstring.git",
                "reference": "1289d16209491b584839022f29257ad859b8532d"
            },
            "dist": {
                "type": "zip",
                "url": "https://api.github.com/repos/symfony/polyfill-mbstring/zipball/1289d16209491b584839022f29257ad859b8532d",
                "reference": "1289d16209491b584839022f29257ad859b8532d",
                "shasum": ""
            },
            "require": {
                "php": ">=5.3.3"
            },
            "suggest": {
                "ext-mbstring": "For best performance"
            },
            "type": "library",
            "extra": {
                "branch-alias": {
                    "dev-master": "1.1-dev"
                }
            },
            "autoload": {
                "psr-4": {
                    "Symfony\\Polyfill\\Mbstring\\": ""
                },
                "files": [
                    "bootstrap.php"
                ]
            },
            "notification-url": "https://packagist.org/downloads/",
            "license": [
                "MIT"
            ],
            "authors": [
                {
                    "name": "Nicolas Grekas",
                    "email": "p@tchwork.com"
                },
                {
                    "name": "Symfony Community",
                    "homepage": "https://symfony.com/contributors"
                }
            ],
            "description": "Symfony polyfill for the Mbstring extension",
            "homepage": "https://symfony.com",
            "keywords": [
                "compatibility",
                "mbstring",
                "polyfill",
                "portable",
                "shim"
            ],
            "time": "2016-01-20 09:13:37"
        }
    ],
    "packages-dev": [],
    "aliases": [],
    "minimum-stability": "stable",
    "stability-flags": [],
    "prefer-stable": false,
    "prefer-lowest": false,
    "platform": [],
    "platform-dev": []
}
